
Microsoft Visual Studio Solution File, Format Version 12.00
# Visual Studio 2012
Project("{FAE04EC0-301F-11D3-BF4B-00C04F79EFBC}") = "KarmaRewards.Web", "KarmaRewards.Web\KarmaRewards.Web.csproj", "{E7CCA6E8-D2C8-4358-A716-CC10CF084DDF}"
EndProject
Project("{2150E333-8FDC-42A3-9474-1A3956D46DE8}") = "1.Hosting", "1.Hosting", "{54C8A9B0-F3ED-4A6E-90FD-A0CA00FA79D6}"
EndProject
Project("{2150E333-8FDC-42A3-9474-1A3956D46DE8}") = "2.Core", "2.Core", "{C14F3B85-349C-4A1B-A21F-C250BC0CF1E0}"
EndProject
Project("{2150E333-8FDC-42A3-9474-1A3956D46DE8}") = "3.Data", "3.Data", "{983BFCE1-DAD7-4255-A4AE-05C166A52D50}"
EndProject
Global
	GlobalSection(SolutionConfigurationPlatforms) = preSolution
		Debug|Any CPU = Debug|Any CPU
		Release|Any CPU = Release|Any CPU
	EndGlobalSection
	GlobalSection(ProjectConfigurationPlatforms) = postSolution
		{E7CCA6E8-D2C8-4358-A716-CC10CF084DDF}.Debug|Any CPU.ActiveCfg = Debug|Any CPU
		{E7CCA6E8-D2C8-4358-A716-CC10CF084DDF}.Debug|Any CPU.Build.0 = Debug|Any CPU
		{E7CCA6E8-D2C8-4358-A716-CC10CF084DDF}.Release|Any CPU.ActiveCfg = Release|Any CPU
		{E7CCA6E8-D2C8-4358-A716-CC10CF084DDF}.Release|Any CPU.Build.0 = Release|Any CPU
	EndGlobalSection
	GlobalSection(SolutionProperties) = preSolution
		HideSolutionNode = FALSE
	EndGlobalSection
	GlobalSection(NestedProjects) = preSolution
		{E7CCA6E8-D2C8-4358-A716-CC10CF084DDF} = {54C8A9B0-F3ED-4A6E-90FD-A0CA00FA79D6}
	EndGlobalSection
EndGlobal
