
Microsoft Visual Studio Solution File, Format Version 12.00
# Visual Studio 2012
Project("{FAE04EC0-301F-11D3-BF4B-00C04F79EFBC}") = "KarmaRewards.Web", "KarmaRewards.Web\KarmaRewards.Web.csproj", "{E7CCA6E8-D2C8-4358-A716-CC10CF084DDF}"
EndProject
Project("{2150E333-8FDC-42A3-9474-1A3956D46DE8}") = "1.Hosting", "1.Hosting", "{54C8A9B0-F3ED-4A6E-90FD-A0CA00FA79D6}"
EndProject
Project("{2150E333-8FDC-42A3-9474-1A3956D46DE8}") = "2.Core", "2.Core", "{C14F3B85-349C-4A1B-A21F-C250BC0CF1E0}"
EndProject
Project("{2150E333-8FDC-42A3-9474-1A3956D46DE8}") = "3.Data", "3.Data", "{983BFCE1-DAD7-4255-A4AE-05C166A52D50}"
EndProject
Project("{FAE04EC0-301F-11D3-BF4B-00C04F79EFBC}") = "KarmaRewards.Appacitive", "KarmaRewards.Appacitive\KarmaRewards.Appacitive.csproj", "{E5B58C31-7CA9-4F4B-9AE9-0DAD9C4D6F6E}"
EndProject
Project("{FAE04EC0-301F-11D3-BF4B-00C04F79EFBC}") = "KarmaRewards.Model", "KarmaRewards.Model\KarmaRewards.Model.csproj", "{9EBB24F7-CA30-4D94-9FF4-8D4804CF7FCE}"
EndProject
Project("{FAE04EC0-301F-11D3-BF4B-00C04F79EFBC}") = "KarmaRewards.DomainAuth", "KarmaRewards.DomainAuth\KarmaRewards.DomainAuth.csproj", "{075C9AE1-738F-40A6-9187-CE02C092F8B5}"
EndProject
Project("{FAE04EC0-301F-11D3-BF4B-00C04F79EFBC}") = "KarmaRewards.Infrastructure", "KarmaRewards.Infrastructure\KarmaRewards.Infrastructure.csproj", "{8DBC6695-422E-4F0F-A788-8EC2C586F4EB}"
EndProject
Project("{FAE04EC0-301F-11D3-BF4B-00C04F79EFBC}") = "KarmaRewards.Services", "KarmaRewards.Services\KarmaRewards.Services.csproj", "{0A24E595-6922-431F-A916-BF61057D0D7A}"
EndProject
Project("{FAE04EC0-301F-11D3-BF4B-00C04F79EFBC}") = "KarmaRewards.Infrastructure.Unity", "KarmaRewards.Infrastructure.Unity\KarmaRewards.Infrastructure.Unity.csproj", "{AA9FAA2B-2FBE-408F-8D33-03C0FB1BD5D8}"
EndProject
Global
	GlobalSection(SolutionConfigurationPlatforms) = preSolution
		Debug|Any CPU = Debug|Any CPU
		Release|Any CPU = Release|Any CPU
	EndGlobalSection
	GlobalSection(ProjectConfigurationPlatforms) = postSolution
		{E7CCA6E8-D2C8-4358-A716-CC10CF084DDF}.Debug|Any CPU.ActiveCfg = Debug|Any CPU
		{E7CCA6E8-D2C8-4358-A716-CC10CF084DDF}.Debug|Any CPU.Build.0 = Debug|Any CPU
		{E7CCA6E8-D2C8-4358-A716-CC10CF084DDF}.Release|Any CPU.ActiveCfg = Release|Any CPU
		{E7CCA6E8-D2C8-4358-A716-CC10CF084DDF}.Release|Any CPU.Build.0 = Release|Any CPU
		{E5B58C31-7CA9-4F4B-9AE9-0DAD9C4D6F6E}.Debug|Any CPU.ActiveCfg = Debug|Any CPU
		{E5B58C31-7CA9-4F4B-9AE9-0DAD9C4D6F6E}.Debug|Any CPU.Build.0 = Debug|Any CPU
		{E5B58C31-7CA9-4F4B-9AE9-0DAD9C4D6F6E}.Release|Any CPU.ActiveCfg = Release|Any CPU
		{E5B58C31-7CA9-4F4B-9AE9-0DAD9C4D6F6E}.Release|Any CPU.Build.0 = Release|Any CPU
		{9EBB24F7-CA30-4D94-9FF4-8D4804CF7FCE}.Debug|Any CPU.ActiveCfg = Debug|Any CPU
		{9EBB24F7-CA30-4D94-9FF4-8D4804CF7FCE}.Debug|Any CPU.Build.0 = Debug|Any CPU
		{9EBB24F7-CA30-4D94-9FF4-8D4804CF7FCE}.Release|Any CPU.ActiveCfg = Release|Any CPU
		{9EBB24F7-CA30-4D94-9FF4-8D4804CF7FCE}.Release|Any CPU.Build.0 = Release|Any CPU
		{075C9AE1-738F-40A6-9187-CE02C092F8B5}.Debug|Any CPU.ActiveCfg = Debug|Any CPU
		{075C9AE1-738F-40A6-9187-CE02C092F8B5}.Debug|Any CPU.Build.0 = Debug|Any CPU
		{075C9AE1-738F-40A6-9187-CE02C092F8B5}.Release|Any CPU.ActiveCfg = Release|Any CPU
		{075C9AE1-738F-40A6-9187-CE02C092F8B5}.Release|Any CPU.Build.0 = Release|Any CPU
		{8DBC6695-422E-4F0F-A788-8EC2C586F4EB}.Debug|Any CPU.ActiveCfg = Debug|Any CPU
		{8DBC6695-422E-4F0F-A788-8EC2C586F4EB}.Debug|Any CPU.Build.0 = Debug|Any CPU
		{8DBC6695-422E-4F0F-A788-8EC2C586F4EB}.Release|Any CPU.ActiveCfg = Release|Any CPU
		{8DBC6695-422E-4F0F-A788-8EC2C586F4EB}.Release|Any CPU.Build.0 = Release|Any CPU
		{0A24E595-6922-431F-A916-BF61057D0D7A}.Debug|Any CPU.ActiveCfg = Debug|Any CPU
		{0A24E595-6922-431F-A916-BF61057D0D7A}.Debug|Any CPU.Build.0 = Debug|Any CPU
		{0A24E595-6922-431F-A916-BF61057D0D7A}.Release|Any CPU.ActiveCfg = Release|Any CPU
		{0A24E595-6922-431F-A916-BF61057D0D7A}.Release|Any CPU.Build.0 = Release|Any CPU
		{AA9FAA2B-2FBE-408F-8D33-03C0FB1BD5D8}.Debug|Any CPU.ActiveCfg = Debug|Any CPU
		{AA9FAA2B-2FBE-408F-8D33-03C0FB1BD5D8}.Debug|Any CPU.Build.0 = Debug|Any CPU
		{AA9FAA2B-2FBE-408F-8D33-03C0FB1BD5D8}.Release|Any CPU.ActiveCfg = Release|Any CPU
		{AA9FAA2B-2FBE-408F-8D33-03C0FB1BD5D8}.Release|Any CPU.Build.0 = Release|Any CPU
	EndGlobalSection
	GlobalSection(SolutionProperties) = preSolution
		HideSolutionNode = FALSE
	EndGlobalSection
	GlobalSection(NestedProjects) = preSolution
		{E7CCA6E8-D2C8-4358-A716-CC10CF084DDF} = {54C8A9B0-F3ED-4A6E-90FD-A0CA00FA79D6}
		{075C9AE1-738F-40A6-9187-CE02C092F8B5} = {54C8A9B0-F3ED-4A6E-90FD-A0CA00FA79D6}
		{9EBB24F7-CA30-4D94-9FF4-8D4804CF7FCE} = {C14F3B85-349C-4A1B-A21F-C250BC0CF1E0}
		{8DBC6695-422E-4F0F-A788-8EC2C586F4EB} = {C14F3B85-349C-4A1B-A21F-C250BC0CF1E0}
		{0A24E595-6922-431F-A916-BF61057D0D7A} = {C14F3B85-349C-4A1B-A21F-C250BC0CF1E0}
		{AA9FAA2B-2FBE-408F-8D33-03C0FB1BD5D8} = {C14F3B85-349C-4A1B-A21F-C250BC0CF1E0}
		{E5B58C31-7CA9-4F4B-9AE9-0DAD9C4D6F6E} = {983BFCE1-DAD7-4255-A4AE-05C166A52D50}
	EndGlobalSection
EndGlobal
